
Microsoft Visual Studio Solution File, Format Version 12.00
# Visual Studio Version 17
VisualStudioVersion = 17.0.31903.59
MinimumVisualStudioVersion = 10.0.40219.1
Project("{FAE04EC0-301F-11D3-BF4B-00C04F79EFBC}") = "Chickensoft.Collections", "Chickensoft.Collections\Chickensoft.Collections.csproj", "{4789AFE1-321A-4D01-877D-59FAE5C8E666}"
EndProject
Project("{FAE04EC0-301F-11D3-BF4B-00C04F79EFBC}") = "Chickensoft.Collections.Tests", "Chickensoft.Collections.Tests\Chickensoft.Collections.Tests.csproj", "{C6729B76-21EB-4C52-87EF-B1F8DA06673D}"
EndProject
Global
	GlobalSection(SolutionConfigurationPlatforms) = preSolution
		Debug|Any CPU = Debug|Any CPU
		Release|Any CPU = Release|Any CPU
	EndGlobalSection
	GlobalSection(SolutionProperties) = preSolution
		HideSolutionNode = FALSE
	EndGlobalSection
	GlobalSection(ProjectConfigurationPlatforms) = postSolution
		{4789AFE1-321A-4D01-877D-59FAE5C8E666}.Debug|Any CPU.ActiveCfg = Debug|Any CPU
		{4789AFE1-321A-4D01-877D-59FAE5C8E666}.Debug|Any CPU.Build.0 = Debug|Any CPU
		{4789AFE1-321A-4D01-877D-59FAE5C8E666}.Release|Any CPU.ActiveCfg = Release|Any CPU
		{4789AFE1-321A-4D01-877D-59FAE5C8E666}.Release|Any CPU.Build.0 = Release|Any CPU
		{C6729B76-21EB-4C52-87EF-B1F8DA06673D}.Debug|Any CPU.ActiveCfg = Debug|Any CPU
		{C6729B76-21EB-4C52-87EF-B1F8DA06673D}.Debug|Any CPU.Build.0 = Debug|Any CPU
		{C6729B76-21EB-4C52-87EF-B1F8DA06673D}.Release|Any CPU.ActiveCfg = Release|Any CPU
		{C6729B76-21EB-4C52-87EF-B1F8DA06673D}.Release|Any CPU.Build.0 = Release|Any CPU
	EndGlobalSection
EndGlobal
